
Microsoft Visual Studio Solution File, Format Version 12.00
# Visual Studio Version 16
VisualStudioVersion = 16.0.30711.63
MinimumVisualStudioVersion = 10.0.40219.1
Project("{8BC9CEB8-8B4A-11D0-8D11-00A0C91BC942}") = "Project3-02_OddsAndEvens", "Project3-02_OddsAndEvens.vcxproj", "{AA31C559-9139-470A-B2DE-578669DC4892}"
EndProject
Global
	GlobalSection(SolutionConfigurationPlatforms) = preSolution
		Debug|x64 = Debug|x64
		Debug|x86 = Debug|x86
		Release|x64 = Release|x64
		Release|x86 = Release|x86
	EndGlobalSection
	GlobalSection(ProjectConfigurationPlatforms) = postSolution
		{AA31C559-9139-470A-B2DE-578669DC4892}.Debug|x64.ActiveCfg = Debug|x64
		{AA31C559-9139-470A-B2DE-578669DC4892}.Debug|x64.Build.0 = Debug|x64
		{AA31C559-9139-470A-B2DE-578669DC4892}.Debug|x86.ActiveCfg = Debug|Win32
		{AA31C559-9139-470A-B2DE-578669DC4892}.Debug|x86.Build.0 = Debug|Win32
		{AA31C559-9139-470A-B2DE-578669DC4892}.Release|x64.ActiveCfg = Release|x64
		{AA31C559-9139-470A-B2DE-578669DC4892}.Release|x64.Build.0 = Release|x64
		{AA31C559-9139-470A-B2DE-578669DC4892}.Release|x86.ActiveCfg = Release|Win32
		{AA31C559-9139-470A-B2DE-578669DC4892}.Release|x86.Build.0 = Release|Win32
	EndGlobalSection
	GlobalSection(SolutionProperties) = preSolution
		HideSolutionNode = FALSE
	EndGlobalSection
	GlobalSection(ExtensibilityGlobals) = postSolution
		SolutionGuid = {7F385244-55D7-43BF-B666-18B15242B692}
	EndGlobalSection
EndGlobal
